Microsoft Visual Studio Solution File, Format Version 12.00
# Visual Studio Version 17
VisualStudioVersion = 17.0.31903.59
MinimumVisualStudioVersion = 10.0.40219.1
Project("{9A19103F-16F7-4668-BE54-9A1E7A4F7556}") = "LawFirmApp.Web", "src\LawFirmApp.Web\LawFirmApp.Web.csproj", "{2F97B391-51B3-457C-9E1C-6B70F21EDC27}"
EndProject
Project("{9A19103F-16F7-4668-BE54-9A1E7A4F7556}") = "LawFirmApp.Api", "src\LawFirmApp.Api\LawFirmApp.Api.csproj", "{818BB429-A6E8-4C21-A7F8-DB08B765C671}"
EndProject
Global
	GlobalSection(SolutionConfigurationPlatforms) = preSolution
		Debug|Any CPU = Debug|Any CPU
		Release|Any CPU = Release|Any CPU
	EndGlobalSection
	GlobalSection(ProjectConfigurationPlatforms) = postSolution
		{2F97B391-51B3-457C-9E1C-6B70F21EDC27}.Debug|Any CPU.ActiveCfg = Debug|Any CPU
		{2F97B391-51B3-457C-9E1C-6B70F21EDC27}.Debug|Any CPU.Build.0 = Debug|Any CPU
		{2F97B391-51B3-457C-9E1C-6B70F21EDC27}.Release|Any CPU.ActiveCfg = Release|Any CPU
		{2F97B391-51B3-457C-9E1C-6B70F21EDC27}.Release|Any CPU.Build.0 = Release|Any CPU
		{818BB429-A6E8-4C21-A7F8-DB08B765C671}.Debug|Any CPU.ActiveCfg = Debug|Any CPU
		{818BB429-A6E8-4C21-A7F8-DB08B765C671}.Debug|Any CPU.Build.0 = Debug|Any CPU
		{818BB429-A6E8-4C21-A7F8-DB08B765C671}.Release|Any CPU.ActiveCfg = Release|Any CPU
		{818BB429-A6E8-4C21-A7F8-DB08B765C671}.Release|Any CPU.Build.0 = Release|Any CPU
	EndGlobalSection
EndGlobal
